// !$*UTF8*$!
{
	archiveVersion = 1;
	classes = {
	};
	objectVersion = 56;
	objects = {

/* Begin PBXBuildFile section */
		1B3AE5C9297BD74D00D071FA /* AppDelegate.swift in Sources */ = {isa = PBXBuildFile; fileRef = 1B3AE5C8297BD74D00D071FA /* AppDelegate.swift */; };
		1B3AE5CB297BD74D00D071FA /* SceneDelegate.swift in Sources */ = {isa = PBXBuildFile; fileRef = 1B3AE5CA297BD74D00D071FA /* SceneDelegate.swift */; };
		1B3AE5CD297BD74D00D071FA /* ViewController.swift in Sources */ = {isa = PBXBuildFile; fileRef = 1B3AE5CC297BD74D00D071FA /* ViewController.swift */; };
		1B3AE5D0297BD74D00D071FA /* Main.storyboard in Resources */ = {isa = PBXBuildFile; fileRef = 1B3AE5CE297BD74D00D071FA /* Main.storyboard */; };
		1B3AE5D2297BD74F00D071FA /* Assets.xcassets in Resources */ = {isa = PBXBuildFile; fileRef = 1B3AE5D1297BD74F00D071FA /* Assets.xcassets */; };
		1B3AE5D5297BD74F00D071FA /* LaunchScreen.storyboard in Resources */ = {isa = PBXBuildFile; fileRef = 1B3AE5D3297BD74F00D071FA /* LaunchScreen.storyboard */; };
		1B3AE5E0297BD75000D071FA /* GithubActionTests.swift in Sources */ = {isa = PBXBuildFile; fileRef = 1B3AE5DF297BD75000D071FA /* GithubActionTests.swift */; };
		1B3AE5EA297BD75000D071FA /* GithubActionUITests.swift in Sources */ = {isa = PBXBuildFile; fileRef = 1B3AE5E9297BD75000D071FA /* GithubActionUITests.swift */; };
		1B3AE5EC297BD75000D071FA /* GithubActionUITestsLaunchTests.swift in Sources */ = {isa = PBXBuildFile; fileRef = 1B3AE5EB297BD75000D071FA /* GithubActionUITestsLaunchTests.swift */; };
/* End PBXBuildFile section */

/* Begin PBXContainerItemProxy section */
		1B3AE5DC297BD75000D071FA /* PBXContainerItemProxy */ = {
			isa = PBXContainerItemProxy;
			containerPortal = 1B3AE5BD297BD74D00D071FA /* Project object */;
			proxyType = 1;
			remoteGlobalIDString = 1B3AE5C4297BD74D00D071FA;
			remoteInfo = GithubAction;
		};
		1B3AE5E6297BD75000D071FA /* PBXContainerItemProxy */ = {
			isa = PBXContainerItemProxy;
			containerPortal = 1B3AE5BD297BD74D00D071FA /* Project object */;
			proxyType = 1;
			remoteGlobalIDString = 1B3AE5C4297BD74D00D071FA;
			remoteInfo = GithubAction;
		};
/* End PBXContainerItemProxy section */

/* Begin PBXFileReference section */
		1B3AE5C5297BD74D00D071FA /* GithubAction.app */ = {isa = PBXFileReference; explicitFileType = wrapper.application; includeInIndex = 0; path = GithubAction.app; sourceTree = BUILT_PRODUCTS_DIR; };
		1B3AE5C8297BD74D00D071FA /* AppDelegate.swift */ = {isa = PBXFileReference; lastKnownFileType = sourcecode.swift; path = AppDelegate.swift; sourceTree = "<group>"; };
		1B3AE5CA297BD74D00D071FA /* SceneDelegate.swift */ = {isa = PBXFileReference; lastKnownFileType = sourcecode.swift; path = SceneDelegate.swift; sourceTree = "<group>"; };
		1B3AE5CC297BD74D00D071FA /* ViewController.swift */ = {isa = PBXFileReference; lastKnownFileType = sourcecode.swift; path = ViewController.swift; sourceTree = "<group>"; };
		1B3AE5CF297BD74D00D071FA /* Base */ = {isa = PBXFileReference; lastKnownFileType = file.storyboard; name = Base; path = Base.lproj/Main.storyboard; sourceTree = "<group>"; };
		1B3AE5D1297BD74F00D071FA /* Assets.xcassets */ = {isa = PBXFileReference; lastKnownFileType = folder.assetcatalog; path = Assets.xcassets; sourceTree = "<group>"; };
		1B3AE5D4297BD74F00D071FA /* Base */ = {isa = PBXFileReference; lastKnownFileType = file.storyboard; name = Base; path = Base.lproj/LaunchScreen.storyboard; sourceTree = "<group>"; };
		1B3AE5D6297BD74F00D071FA /* Info.plist */ = {isa = PBXFileReference; lastKnownFileType = text.plist.xml; path = Info.plist; sourceTree = "<group>"; };
		1B3AE5DB297BD75000D071FA /* GithubActionTests.xctest */ = {isa = PBXFileReference; explicitFileType = wrapper.cfbundle; includeInIndex = 0; path = GithubActionTests.xctest; sourceTree = BUILT_PRODUCTS_DIR; };
		1B3AE5DF297BD75000D071FA /* GithubActionTests.swift */ = {isa = PBXFileReference; lastKnownFileType = sourcecode.swift; path = GithubActionTests.swift; sourceTree = "<group>"; };
		1B3AE5E5297BD75000D071FA /* GithubActionUITests.xctest */ = {isa = PBXFileReference; explicitFileType = wrapper.cfbundle; includeInIndex = 0; path = GithubActionUITests.xctest; sourceTree = BUILT_PRODUCTS_DIR; };
		1B3AE5E9297BD75000D071FA /* GithubActionUITests.swift */ = {isa = PBXFileReference; lastKnownFileType = sourcecode.swift; path = GithubActionUITests.swift; sourceTree = "<group>"; };
		1B3AE5EB297BD75000D071FA /* GithubActionUITestsLaunchTests.swift */ = {isa = PBXFileReference; lastKnownFileType = sourcecode.swift; path = GithubActionUITestsLaunchTests.swift; sourceTree = "<group>"; };
/* End PBXFileReference section */

/* Begin PBXFrameworksBuildPhase section */
		1B3AE5C2297BD74D00D071FA /* Frameworks */ = {
			isa = PBXFrameworksBuildPhase;
			buildActionMask = 2147483647;
			files = (
			);
			runOnlyForDeploymentPostprocessing = 0;
		};
		1B3AE5D8297BD75000D071FA /* Frameworks */ = {
			isa = PBXFrameworksBuildPhase;
			buildActionMask = 2147483647;
			files = (
			);
			runOnlyForDeploymentPostprocessing = 0;
		};
		1B3AE5E2297BD75000D071FA /* Frameworks */ = {
			isa = PBXFrameworksBuildPhase;
			buildActionMask = 2147483647;
			files = (
			);
			runOnlyForDeploymentPostprocessing = 0;
		};
/* End PBXFrameworksBuildPhase section */

/* Begin PBXGroup section */
		1B3AE5BC297BD74D00D071FA = {
			isa = PBXGroup;
			children = (
				1B3AE5C7297BD74D00D071FA /* GithubAction */,
				1B3AE5DE297BD75000D071FA /* GithubActionTests */,
				1B3AE5E8297BD75000D071FA /* GithubActionUITests */,
				1B3AE5C6297BD74D00D071FA /* Products */,
			);
			sourceTree = "<group>";
		};
		1B3AE5C6297BD74D00D071FA /* Products */ = {
			isa = PBXGroup;
			children = (
				1B3AE5C5297BD74D00D071FA /* GithubAction.app */,
				1B3AE5DB297BD75000D071FA /* GithubActionTests.xctest */,
				1B3AE5E5297BD75000D071FA /* GithubActionUITests.xctest */,
			);
			name = Products;
			sourceTree = "<group>";
		};
		1B3AE5C7297BD74D00D071FA /* GithubAction */ = {
			isa = PBXGroup;
			children = (
				1B3AE5C8297BD74D00D071FA /* AppDelegate.swift */,
				1B3AE5CA297BD74D00D071FA /* SceneDelegate.swift */,
				1B3AE5CC297BD74D00D071FA /* ViewController.swift */,
				1B3AE5CE297BD74D00D071FA /* Main.storyboard */,
				1B3AE5D1297BD74F00D071FA /* Assets.xcassets */,
				1B3AE5D3297BD74F00D071FA /* LaunchScreen.storyboard */,
				1B3AE5D6297BD74F00D071FA /* Info.plist */,
			);
			path = GithubAction;
			sourceTree = "<group>";
		};
		1B3AE5DE297BD75000D071FA /* GithubActionTests */ = {
			isa = PBXGroup;
			children = (
				1B3AE5DF297BD75000D071FA /* GithubActionTests.swift */,
			);
			path = GithubActionTests;
			sourceTree = "<group>";
		};
		1B3AE5E8297BD75000D071FA /* GithubActionUITests */ = {
			isa = PBXGroup;
			children = (
				1B3AE5E9297BD75000D071FA /* GithubActionUITests.swift */,
				1B3AE5EB297BD75000D071FA /* GithubActionUITestsLaunchTests.swift */,
			);
			path = GithubActionUITests;
			sourceTree = "<group>";
		};
/* End PBXGroup section */

/* Begin PBXNativeTarget section */
		1B3AE5C4297BD74D00D071FA /* GithubAction */ = {
			isa = PBXNativeTarget;
			buildConfigurationList = 1B3AE5EF297BD75000D071FA /* Build configuration list for PBXNativeTarget "GithubAction" */;
			buildPhases = (
				1B3AE5C1297BD74D00D071FA /* Sources */,
				1B3AE5C2297BD74D00D071FA /* Frameworks */,
				1B3AE5C3297BD74D00D071FA /* Resources */,
			);
			buildRules = (
			);
			dependencies = (
			);
			name = GithubAction;
			productName = GithubAction;
			productReference = 1B3AE5C5297BD74D00D071FA /* GithubAction.app */;
			productType = "com.apple.product-type.application";
		};
		1B3AE5DA297BD75000D071FA /* GithubActionTests */ = {
			isa = PBXNativeTarget;
			buildConfigurationList = 1B3AE5F2297BD75000D071FA /* Build configuration list for PBXNativeTarget "GithubActionTests" */;
			buildPhases = (
				1B3AE5D7297BD75000D071FA /* Sources */,
				1B3AE5D8297BD75000D071FA /* Frameworks */,
				1B3AE5D9297BD75000D071FA /* Resources */,
			);
			buildRules = (
			);
			dependencies = (
				1B3AE5DD297BD75000D071FA /* PBXTargetDependency */,
			);
			name = GithubActionTests;
			productName = GithubActionTests;
			productReference = 1B3AE5DB297BD75000D071FA /* GithubActionTests.xctest */;
			productType = "com.apple.product-type.bundle.unit-test";
		};
		1B3AE5E4297BD75000D071FA /* GithubActionUITests */ = {
			isa = PBXNativeTarget;
			buildConfigurationList = 1B3AE5F5297BD75000D071FA /* Build configuration list for PBXNativeTarget "GithubActionUITests" */;
			buildPhases = (
				1B3AE5E1297BD75000D071FA /* Sources */,
				1B3AE5E2297BD75000D071FA /* Frameworks */,
				1B3AE5E3297BD75000D071FA /* Resources */,
			);
			buildRules = (
			);
			dependencies = (
				1B3AE5E7297BD75000D071FA /* PBXTargetDependency */,
			);
			name = GithubActionUITests;
			productName = GithubActionUITests;
			productReference = 1B3AE5E5297BD75000D071FA /* GithubActionUITests.xctest */;
			productType = "com.apple.product-type.bundle.ui-testing";
		};
/* End PBXNativeTarget section */

/* Begin PBXProject section */
		1B3AE5BD297BD74D00D071FA /* Project object */ = {
			isa = PBXProject;
			attributes = {
				BuildIndependentTargetsInParallel = 1;
				LastSwiftUpdateCheck = 1420;
				LastUpgradeCheck = 1420;
				TargetAttributes = {
					1B3AE5C4297BD74D00D071FA = {
						CreatedOnToolsVersion = 14.2;
					};
					1B3AE5DA297BD75000D071FA = {
						CreatedOnToolsVersion = 14.2;
						TestTargetID = 1B3AE5C4297BD74D00D071FA;
					};
					1B3AE5E4297BD75000D071FA = {
						CreatedOnToolsVersion = 14.2;
						TestTargetID = 1B3AE5C4297BD74D00D071FA;
					};
				};
			};
			buildConfigurationList = 1B3AE5C0297BD74D00D071FA /* Build configuration list for PBXProject "GithubAction" */;
			compatibilityVersion = "Xcode 14.0";
			developmentRegion = en;
			hasScannedForEncodings = 0;
			knownRegions = (
				en,
				Base,
			);
			mainGroup = 1B3AE5BC297BD74D00D071FA;
			productRefGroup = 1B3AE5C6297BD74D00D071FA /* Products */;
			projectDirPath = "";
			projectRoot = "";
			targets = (
				1B3AE5C4297BD74D00D071FA /* GithubAction */,
				1B3AE5DA297BD75000D071FA /* GithubActionTests */,
				1B3AE5E4297BD75000D071FA /* GithubActionUITests */,
			);
		};
/* End PBXProject section */

/* Begin PBXResourcesBuildPhase section */
		1B3AE5C3297BD74D00D071FA /* Resources */ = {
			isa = PBXResourcesBuildPhase;
			buildActionMask = 2147483647;
			files = (
				1B3AE5D5297BD74F00D071FA /* LaunchScreen.storyboard in Resources */,
				1B3AE5D2297BD74F00D071FA /* Assets.xcassets in Resources */,
				1B3AE5D0297BD74D00D071FA /* Main.storyboard in Resources */,
			);
			runOnlyForDeploymentPostprocessing = 0;
		};
		1B3AE5D9297BD75000D071FA /* Resources */ = {
			isa = PBXResourcesBuildPhase;
			buildActionMask = 2147483647;
			files = (
			);
			runOnlyForDeploymentPostprocessing = 0;
		};
		1B3AE5E3297BD75000D071FA /* Resources */ = {
			isa = PBXResourcesBuildPhase;
			buildActionMask = 2147483647;
			files = (
			);
			runOnlyForDeploymentPostprocessing = 0;
		};
/* End PBXResourcesBuildPhase section */

/* Begin PBXSourcesBuildPhase section */
		1B3AE5C1297BD74D00D071FA /* Sources */ = {
			isa = PBXSourcesBuildPhase;
			buildActionMask = 2147483647;
			files = (
				1B3AE5CD297BD74D00D071FA /* ViewController.swift in Sources */,
				1B3AE5C9297BD74D00D071FA /* AppDelegate.swift in Sources */,
				1B3AE5CB297BD74D00D071FA /* SceneDelegate.swift in Sources */,
			);
			runOnlyForDeploymentPostprocessing = 0;
		};
		1B3AE5D7297BD75000D071FA /* Sources */ = {
			isa = PBXSourcesBuildPhase;
			buildActionMask = 2147483647;
			files = (
				1B3AE5E0297BD75000D071FA /* GithubActionTests.swift in Sources */,
			);
			runOnlyForDeploymentPostprocessing = 0;
		};
		1B3AE5E1297BD75000D071FA /* Sources */ = {
			isa = PBXSourcesBuildPhase;
			buildActionMask = 2147483647;
			files = (
				1B3AE5EA297BD75000D071FA /* GithubActionUITests.swift in Sources */,
				1B3AE5EC297BD75000D071FA /* GithubActionUITestsLaunchTests.swift in Sources */,
			);
			runOnlyForDeploymentPostprocessing = 0;
		};
/* End PBXSourcesBuildPhase section */

/* Begin PBXTargetDependency section */
		1B3AE5DD297BD75000D071FA /* PBXTargetDependency */ = {
			isa = PBXTargetDependency;
			target = 1B3AE5C4297BD74D00D071FA /* GithubAction */;
			targetProxy = 1B3AE5DC297BD75000D071FA /* PBXContainerItemProxy */;
		};
		1B3AE5E7297BD75000D071FA /* PBXTargetDependency */ = {
			isa = PBXTargetDependency;
			target = 1B3AE5C4297BD74D00D071FA /* GithubAction */;
			targetProxy = 1B3AE5E6297BD75000D071FA /* PBXContainerItemProxy */;
		};
/* End PBXTargetDependency section */

/* Begin PBXVariantGroup section */
		1B3AE5CE297BD74D00D071FA /* Main.storyboard */ = {
			isa = PBXVariantGroup;
			children = (
				1B3AE5CF297BD74D00D071FA /* Base */,
			);
			name = Main.storyboard;
			sourceTree = "<group>";
		};
		1B3AE5D3297BD74F00D071FA /* LaunchScreen.storyboard */ = {
			isa = PBXVariantGroup;
			children = (
				1B3AE5D4297BD74F00D071FA /* Base */,
			);
			name = LaunchScreen.storyboard;
			sourceTree = "<group>";
		};
/* End PBXVariantGroup section */

/* Begin XCBuildConfiguration section */
		1B3AE5ED297BD75000D071FA /* Debug */ = {
			isa = XCBuildConfiguration;
			buildSettings = {
				ALWAYS_SEARCH_USER_PATHS = NO;
				CLANG_ANALYZER_NONNULL = YES;
				CLANG_ANALYZER_NUMBER_OBJECT_CONVERSION = YES_AGGRESSIVE;
				CLANG_CXX_LANGUAGE_STANDARD = "gnu++20";
				CLANG_ENABLE_MODULES = YES;
				CLANG_ENABLE_OBJC_ARC = YES;
				CLANG_ENABLE_OBJC_WEAK = YES;
				CLANG_WARN_BLOCK_CAPTURE_AUTORELEASING = YES;
				CLANG_WARN_BOOL_CONVERSION = YES;
				CLANG_WARN_COMMA = YES;
				CLANG_WARN_CONSTANT_CONVERSION = YES;
				CLANG_WARN_DEPRECATED_OBJC_IMPLEMENTATIONS = YES;
				CLANG_WARN_DIRECT_OBJC_ISA_USAGE = YES_ERROR;
				CLANG_WARN_DOCUMENTATION_COMMENTS = YES;
				CLANG_WARN_EMPTY_BODY = YES;
				CLANG_WARN_ENUM_CONVERSION = YES;
				CLANG_WARN_INFINITE_RECURSION = YES;
				CLANG_WARN_INT_CONVERSION = YES;
				CLANG_WARN_NON_LITERAL_NULL_CONVERSION = YES;
				CLANG_WARN_OBJC_IMPLICIT_RETAIN_SELF = YES;
				CLANG_WARN_OBJC_LITERAL_CONVERSION = YES;
				CLANG_WARN_OBJC_ROOT_CLASS = YES_ERROR;
				CLANG_WARN_QUOTED_INCLUDE_IN_FRAMEWORK_HEADER = YES;
				CLANG_WARN_RANGE_LOOP_ANALYSIS = YES;
				CLANG_WARN_STRICT_PROTOTYPES = YES;
				CLANG_WARN_SUSPICIOUS_MOVE = YES;
				CLANG_WARN_UNGUARDED_AVAILABILITY = YES_AGGRESSIVE;
				CLANG_WARN_UNREACHABLE_CODE = YES;
				CLANG_WARN__DUPLICATE_METHOD_MATCH = YES;
				COPY_PHASE_STRIP = NO;
				DEBUG_INFORMATION_FORMAT = dwarf;
				ENABLE_STRICT_OBJC_MSGSEND = YES;
				ENABLE_TESTABILITY = YES;
				GCC_C_LANGUAGE_STANDARD = gnu11;
				GCC_DYNAMIC_NO_PIC = NO;
				GCC_NO_COMMON_BLOCKS = YES;
				GCC_OPTIMIZATION_LEVEL = 0;
				GCC_PREPROCESSOR_DEFINITIONS = (
					"DEBUG=1",
					"$(inherited)",
				);
				GCC_WARN_64_TO_32_BIT_CONVERSION = YES;
				GCC_WARN_ABOUT_RETURN_TYPE = YES_ERROR;
				GCC_WARN_UNDECLARED_SELECTOR = YES;
				GCC_WARN_UNINITIALIZED_AUTOS = YES_AGGRESSIVE;
				GCC_WARN_UNUSED_FUNCTION = YES;
				GCC_WARN_UNUSED_VARIABLE = YES;
				IPHONEOS_DEPLOYMENT_TARGET = 16.2;
				MTL_ENABLE_DEBUG_INFO = INCLUDE_SOURCE;
				MTL_FAST_MATH = YES;
				ONLY_ACTIVE_ARCH = YES;
				SDKROOT = iphoneos;
				SWIFT_ACTIVE_COMPILATION_CONDITIONS = DEBUG;
				SWIFT_OPTIMIZATION_LEVEL = "-Onone";
			};
			name = Debug;
		};
		1B3AE5EE297BD75000D071FA /* Release */ = {
			isa = XCBuildConfiguration;
			buildSettings = {
				ALWAYS_SEARCH_USER_PATHS = NO;
				CLANG_ANALYZER_NONNULL = YES;
				CLANG_ANALYZER_NUMBER_OBJECT_CONVERSION = YES_AGGRESSIVE;
				CLANG_CXX_LANGUAGE_STANDARD = "gnu++20";
				CLANG_ENABLE_MODULES = YES;
				CLANG_ENABLE_OBJC_ARC = YES;
				CLANG_ENABLE_OBJC_WEAK = YES;
				CLANG_WARN_BLOCK_CAPTURE_AUTORELEASING = YES;
				CLANG_WARN_BOOL_CONVERSION = YES;
				CLANG_WARN_COMMA = YES;
				CLANG_WARN_CONSTANT_CONVERSION = YES;
				CLANG_WARN_DEPRECATED_OBJC_IMPLEMENTATIONS = YES;
				CLANG_WARN_DIRECT_OBJC_ISA_USAGE = YES_ERROR;
				CLANG_WARN_DOCUMENTATION_COMMENTS = YES;
				CLANG_WARN_EMPTY_BODY = YES;
				CLANG_WARN_ENUM_CONVERSION = YES;
				CLANG_WARN_INFINITE_RECURSION = YES;
				CLANG_WARN_INT_CONVERSION = YES;
				CLANG_WARN_NON_LITERAL_NULL_CONVERSION = YES;
				CLANG_WARN_OBJC_IMPLICIT_RETAIN_SELF = YES;
				CLANG_WARN_OBJC_LITERAL_CONVERSION = YES;
				CLANG_WARN_OBJC_ROOT_CLASS = YES_ERROR;
				CLANG_WARN_QUOTED_INCLUDE_IN_FRAMEWORK_HEADER = YES;
				CLANG_WARN_RANGE_LOOP_ANALYSIS = YES;
				CLANG_WARN_STRICT_PROTOTYPES = YES;
				CLANG_WARN_SUSPICIOUS_MOVE = YES;
				CLANG_WARN_UNGUARDED_AVAILABILITY = YES_AGGRESSIVE;
				CLANG_WARN_UNREACHABLE_CODE = YES;
				CLANG_WARN__DUPLICATE_METHOD_MATCH = YES;
				COPY_PHASE_STRIP = NO;
				DEBUG_INFORMATION_FORMAT = "dwarf-with-dsym";
				ENABLE_NS_ASSERTIONS = NO;
				ENABLE_STRICT_OBJC_MSGSEND = YES;
				GCC_C_LANGUAGE_STANDARD = gnu11;
				GCC_NO_COMMON_BLOCKS = YES;
				GCC_WARN_64_TO_32_BIT_CONVERSION = YES;
				GCC_WARN_ABOUT_RETURN_TYPE = YES_ERROR;
				GCC_WARN_UNDECLARED_SELECTOR = YES;
				GCC_WARN_UNINITIALIZED_AUTOS = YES_AGGRESSIVE;
				GCC_WARN_UNUSED_FUNCTION = YES;
				GCC_WARN_UNUSED_VARIABLE = YES;
				IPHONEOS_DEPLOYMENT_TARGET = 16.2;
				MTL_ENABLE_DEBUG_INFO = NO;
				MTL_FAST_MATH = YES;
				SDKROOT = iphoneos;
				SWIFT_COMPILATION_MODE = wholemodule;
				SWIFT_OPTIMIZATION_LEVEL = "-O";
				VALIDATE_PRODUCT = YES;
			};
			name = Release;
		};
		1B3AE5F0297BD75000D071FA /* Debug */ = {
			isa = XCBuildConfiguration;
			buildSettings = {
				ASSETCATALOG_COMPILER_APPICON_NAME = AppIcon;
				ASSETCATALOG_COMPILER_GLOBAL_ACCENT_COLOR_NAME = AccentColor;
				CODE_SIGN_STYLE = Automatic;
				CURRENT_PROJECT_VERSION = 1;
				DEVELOPMENT_TEAM = KRMFQRZHPD;
				GENERATE_INFOPLIST_FILE = YES;
				INFOPLIST_FILE = GithubAction/Info.plist;
				INFOPLIST_KEY_UIApplicationSupportsIndirectInputEvents = YES;
				INFOPLIST_KEY_UILaunchStoryboardName = LaunchScreen;
				INFOPLIST_KEY_UIMainStoryboardFile = Main;
				INFOPLIST_KEY_UISupportedInterfaceOrientations_iPad = "UIInterfaceOrientationPortrait UIInterfaceOrientationPortraitUpsideDown UIInterfaceOrientationLandscapeLeft UIInterfaceOrientationLandscapeRight";
				INFOPLIST_KEY_UISupportedInterfaceOrientations_iPhone = "UIInterfaceOrientationPortrait UIInterfaceOrientationLandscapeLeft UIInterfaceOrientationLandscapeRight";
				LD_RUNPATH_SEARCH_PATHS = (
					"$(inherited)",
					"@executable_path/Frameworks",
				);
				MARKETING_VERSION = 1.0;
				PRODUCT_BUNDLE_IDENTIFIER = com.jasmeet.GithubAction;
				PRODUCT_NAME = "$(TARGET_NAME)";
				SWIFT_EMIT_LOC_STRINGS = YES;
				SWIFT_VERSION = 5.0;
				TARGETED_DEVICE_FAMILY = "1,2";
			};
			name = Debug;
		};
		1B3AE5F1297BD75000D071FA /* Release */ = {
			isa = XCBuildConfiguration;
			buildSettings = {
				ASSETCATALOG_COMPILER_APPICON_NAME = AppIcon;
				ASSETCATALOG_COMPILER_GLOBAL_ACCENT_COLOR_NAME = AccentColor;
				CODE_SIGN_STYLE = Automatic;
				CURRENT_PROJECT_VERSION = 1;
				DEVELOPMENT_TEAM = KRMFQRZHPD;
				GENERATE_INFOPLIST_FILE = YES;
				INFOPLIST_FILE = GithubAction/Info.plist;
				INFOPLIST_KEY_UIApplicationSupportsIndirectInputEvents = YES;
				INFOPLIST_KEY_UILaunchStoryboardName = LaunchScreen;
				INFOPLIST_KEY_UIMainStoryboardFile = Main;
				INFOPLIST_KEY_UISupportedInterfaceOrientations_iPad = "UIInterfaceOrientationPortrait UIInterfaceOrientationPortraitUpsideDown UIInterfaceOrientationLandscapeLeft UIInterfaceOrientationLandscapeRight";
				INFOPLIST_KEY_UISupportedInterfaceOrientations_iPhone = "UIInterfaceOrientationPortrait UIInterfaceOrientationLandscapeLeft UIInterfaceOrientationLandscapeRight";
				LD_RUNPATH_SEARCH_PATHS = (
					"$(inherited)",
					"@executable_path/Frameworks",
				);
				MARKETING_VERSION = 1.0;
				PRODUCT_BUNDLE_IDENTIFIER = com.jasmeet.GithubAction;
				PRODUCT_NAME = "$(TARGET_NAME)";
				SWIFT_EMIT_LOC_STRINGS = YES;
				SWIFT_VERSION = 5.0;
				TARGETED_DEVICE_FAMILY = "1,2";
			};
			name = Release;
		};
		1B3AE5F3297BD75000D071FA /* Debug */ = {
			isa = XCBuildConfiguration;
			buildSettings = {
				ALWAYS_EMBED_SWIFT_STANDARD_LIBRARIES = YES;
				BUNDLE_LOADER = "$(TEST_HOST)";
				CODE_SIGN_STYLE = Automatic;
				CURRENT_PROJECT_VERSION = 1;
				DEVELOPMENT_TEAM = KRMFQRZHPD;
				GENERATE_INFOPLIST_FILE = YES;
				IPHONEOS_DEPLOYMENT_TARGET = 16.2;
				MARKETING_VERSION = 1.0;
				PRODUCT_BUNDLE_IDENTIFIER = com.jasmeet.GithubActionTests;
				PRODUCT_NAME = "$(TARGET_NAME)";
				SWIFT_EMIT_LOC_STRINGS = NO;
				SWIFT_VERSION = 5.0;
				TARGETED_DEVICE_FAMILY = "1,2";
				TEST_HOST = "$(BUILT_PRODUCTS_DIR)/GithubAction.app/$(BUNDLE_EXECUTABLE_FOLDER_PATH)/GithubAction";
			};
			name = Debug;
		};
		1B3AE5F4297BD75000D071FA /* Release */ = {
			isa = XCBuildConfiguration;
			buildSettings = {
				ALWAYS_EMBED_SWIFT_STANDARD_LIBRARIES = YES;
				BUNDLE_LOADER = "$(TEST_HOST)";
				CODE_SIGN_STYLE = Automatic;
				CURRENT_PROJECT_VERSION = 1;
				DEVELOPMENT_TEAM = KRMFQRZHPD;
				GENERATE_INFOPLIST_FILE = YES;
				IPHONEOS_DEPLOYMENT_TARGET = 16.2;
				MARKETING_VERSION = 1.0;
				PRODUCT_BUNDLE_IDENTIFIER = com.jasmeet.GithubActionTests;
				PRODUCT_NAME = "$(TARGET_NAME)";
				SWIFT_EMIT_LOC_STRINGS = NO;
				SWIFT_VERSION = 5.0;
				TARGETED_DEVICE_FAMILY = "1,2";
				TEST_HOST = "$(BUILT_PRODUCTS_DIR)/GithubAction.app/$(BUNDLE_EXECUTABLE_FOLDER_PATH)/GithubAction";
			};
			name = Release;
		};
		1B3AE5F6297BD75000D071FA /* Debug */ = {
			isa = XCBuildConfiguration;
			buildSettings = {
				ALWAYS_EMBED_SWIFT_STANDARD_LIBRARIES = YES;
				CODE_SIGN_STYLE = Automatic;
				CURRENT_PROJECT_VERSION = 1;
				DEVELOPMENT_TEAM = KRMFQRZHPD;
				GENERATE_INFOPLIST_FILE = YES;
				MARKETING_VERSION = 1.0;
				PRODUCT_BUNDLE_IDENTIFIER = com.jasmeet.GithubActionUITests;
				PRODUCT_NAME = "$(TARGET_NAME)";
				SWIFT_EMIT_LOC_STRINGS = NO;
				SWIFT_VERSION = 5.0;
				TARGETED_DEVICE_FAMILY = "1,2";
				TEST_TARGET_NAME = GithubAction;
			};
			name = Debug;
		};
		1B3AE5F7297BD75000D071FA /* Release */ = {
			isa = XCBuildConfiguration;
			buildSettings = {
				ALWAYS_EMBED_SWIFT_STANDARD_LIBRARIES = YES;
				CODE_SIGN_STYLE = Automatic;
				CURRENT_PROJECT_VERSION = 1;
				DEVELOPMENT_TEAM = KRMFQRZHPD;
				GENERATE_INFOPLIST_FILE = YES;
				MARKETING_VERSION = 1.0;
				PRODUCT_BUNDLE_IDENTIFIER = com.jasmeet.GithubActionUITests;
				PRODUCT_NAME = "$(TARGET_NAME)";
				SWIFT_EMIT_LOC_STRINGS = NO;
				SWIFT_VERSION = 5.0;
				TARGETED_DEVICE_FAMILY = "1,2";
				TEST_TARGET_NAME = GithubAction;
			};
			name = Release;
		};
/* End XCBuildConfiguration section */

/* Begin XCConfigurationList section */
		1B3AE5C0297BD74D00D071FA /* Build configuration list for PBXProject "GithubAction" */ = {
			isa = XCConfigurationList;
			buildConfigurations = (
				1B3AE5ED297BD75000D071FA /* Debug */,
				1B3AE5EE297BD75000D071FA /* Release */,
			);
			defaultConfigurationIsVisible = 0;
			defaultConfigurationName = Release;
		};
		1B3AE5EF297BD75000D071FA /* Build configuration list for PBXNativeTarget "GithubAction" */ = {
			isa = XCConfigurationList;
			buildConfigurations = (
				1B3AE5F0297BD75000D071FA /* Debug */,
				1B3AE5F1297BD75000D071FA /* Release */,
			);
			defaultConfigurationIsVisible = 0;
			defaultConfigurationName = Release;
		};
		1B3AE5F2297BD75000D071FA /* Build configuration list for PBXNativeTarget "GithubActionTests" */ = {
			isa = XCConfigurationList;
			buildConfigurations = (
				1B3AE5F3297BD75000D071FA /* Debug */,
				1B3AE5F4297BD75000D071FA /* Release */,
			);
			defaultConfigurationIsVisible = 0;
			defaultConfigurationName = Release;
		};
		1B3AE5F5297BD75000D071FA /* Build configuration list for PBXNativeTarget "GithubActionUITests" */ = {
			isa = XCConfigurationList;
			buildConfigurations = (
				1B3AE5F6297BD75000D071FA /* Debug */,
				1B3AE5F7297BD75000D071FA /* Release */,
			);
			defaultConfigurationIsVisible = 0;
			defaultConfigurationName = Release;
		};
/* End XCConfigurationList section */
	};
	rootObject = 1B3AE5BD297BD74D00D071FA /* Project object */;
}
